// !$*UTF8*$!
{
	archiveVersion = 1;
	classes = {
	};
	objectVersion = 55;
	objects = {

/* Begin PBXBuildFile section */
		04F46B71277C39CB00ECB5F2 /* AppDelegate.swift in Sources */ = {isa = PBXBuildFile; fileRef = 04F46B70277C39CB00ECB5F2 /* AppDelegate.swift */; };
		04F46B73277C39CB00ECB5F2 /* SceneDelegate.swift in Sources */ = {isa = PBXBuildFile; fileRef = 04F46B72277C39CB00ECB5F2 /* SceneDelegate.swift */; };
		04F46B75277C39CB00ECB5F2 /* ViewController.swift in Sources */ = {isa = PBXBuildFile; fileRef = 04F46B74277C39CB00ECB5F2 /* ViewController.swift */; };
		04F46B78277C39CB00ECB5F2 /* Main.storyboard in Resources */ = {isa = PBXBuildFile; fileRef = 04F46B76277C39CB00ECB5F2 /* Main.storyboard */; };
		04F46B7A277C39CB00ECB5F2 /* Assets.xcassets in Resources */ = {isa = PBXBuildFile; fileRef = 04F46B79277C39CB00ECB5F2 /* Assets.xcassets */; };
		04F46B7D277C39CB00ECB5F2 /* LaunchScreen.storyboard in Resources */ = {isa = PBXBuildFile; fileRef = 04F46B7B277C39CB00ECB5F2 /* LaunchScreen.storyboard */; };
		04F46B8A277C3C5700ECB5F2 /* FirebaseAnalytics in Frameworks */ = {isa = PBXBuildFile; productRef = 04F46B89277C3C5700ECB5F2 /* FirebaseAnalytics */; };
		04F46B8C277C3C5700ECB5F2 /* FirebaseAuth in Frameworks */ = {isa = PBXBuildFile; productRef = 04F46B8B277C3C5700ECB5F2 /* FirebaseAuth */; };
		04F46B8E277C3C5700ECB5F2 /* FirebaseDatabase in Frameworks */ = {isa = PBXBuildFile; productRef = 04F46B8D277C3C5700ECB5F2 /* FirebaseDatabase */; };
		04F46B90277C3C5700ECB5F2 /* FirebaseStorage in Frameworks */ = {isa = PBXBuildFile; productRef = 04F46B8F277C3C5700ECB5F2 /* FirebaseStorage */; };
		04F46B92277C409300ECB5F2 /* GoogleService-Info.plist in Resources */ = {isa = PBXBuildFile; fileRef = 04F46B91277C409300ECB5F2 /* GoogleService-Info.plist */; };
/* End PBXBuildFile section */

/* Begin PBXFileReference section */
		04F46B6D277C39CB00ECB5F2 /* Dojo Chat.app */ = {isa = PBXFileReference; explicitFileType = wrapper.application; includeInIndex = 0; path = "Dojo Chat.app"; sourceTree = BUILT_PRODUCTS_DIR; };
		04F46B70277C39CB00ECB5F2 /* AppDelegate.swift */ = {isa = PBXFileReference; lastKnownFileType = sourcecode.swift; path = AppDelegate.swift; sourceTree = "<group>"; };
		04F46B72277C39CB00ECB5F2 /* SceneDelegate.swift */ = {isa = PBXFileReference; lastKnownFileType = sourcecode.swift; path = SceneDelegate.swift; sourceTree = "<group>"; };
		04F46B74277C39CB00ECB5F2 /* ViewController.swift */ = {isa = PBXFileReference; lastKnownFileType = sourcecode.swift; path = ViewController.swift; sourceTree = "<group>"; };
		04F46B77277C39CB00ECB5F2 /* Base */ = {isa = PBXFileReference; lastKnownFileType = file.storyboard; name = Base; path = Base.lproj/Main.storyboard; sourceTree = "<group>"; };
		04F46B79277C39CB00ECB5F2 /* Assets.xcassets */ = {isa = PBXFileReference; lastKnownFileType = folder.assetcatalog; path = Assets.xcassets; sourceTree = "<group>"; };
		04F46B7C277C39CB00ECB5F2 /* Base */ = {isa = PBXFileReference; lastKnownFileType = file.storyboard; name = Base; path = Base.lproj/LaunchScreen.storyboard; sourceTree = "<group>"; };
		04F46B7E277C39CB00ECB5F2 /* Info.plist */ = {isa = PBXFileReference; lastKnownFileType = text.plist.xml; path = Info.plist; sourceTree = "<group>"; };
		04F46B91277C409300ECB5F2 /* GoogleService-Info.plist */ = {isa = PBXFileReference; fileEncoding = 4; lastKnownFileType = text.plist.xml; path = "GoogleService-Info.plist"; sourceTree = "<group>"; };
		04F46B93277C485000ECB5F2 /* README.md */ = {isa = PBXFileReference; lastKnownFileType = net.daringfireball.markdown; path = README.md; sourceTree = "<group>"; };
/* End PBXFileReference section */

/* Begin PBXFrameworksBuildPhase section */
		04F46B6A277C39CB00ECB5F2 /* Frameworks */ = {
			isa = PBXFrameworksBuildPhase;
			buildActionMask = 2147483647;
			files = (
				04F46B8E277C3C5700ECB5F2 /* FirebaseDatabase in Frameworks */,
				04F46B90277C3C5700ECB5F2 /* FirebaseStorage in Frameworks */,
				04F46B8A277C3C5700ECB5F2 /* FirebaseAnalytics in Frameworks */,
				04F46B8C277C3C5700ECB5F2 /* FirebaseAuth in Frameworks */,
			);
			runOnlyForDeploymentPostprocessing = 0;
		};
/* End PBXFrameworksBuildPhase section */

/* Begin PBXGroup section */
		04F46B64277C39CB00ECB5F2 = {
			isa = PBXGroup;
			children = (
				04F46B93277C485000ECB5F2 /* README.md */,
				04F46B6F277C39CB00ECB5F2 /* Dojo Chat */,
				04F46B6E277C39CB00ECB5F2 /* Products */,
			);
			sourceTree = "<group>";
		};
		04F46B6E277C39CB00ECB5F2 /* Products */ = {
			isa = PBXGroup;
			children = (
				04F46B6D277C39CB00ECB5F2 /* Dojo Chat.app */,
			);
			name = Products;
			sourceTree = "<group>";
		};
		04F46B6F277C39CB00ECB5F2 /* Dojo Chat */ = {
			isa = PBXGroup;
			children = (
				04F46B70277C39CB00ECB5F2 /* AppDelegate.swift */,
				04F46B72277C39CB00ECB5F2 /* SceneDelegate.swift */,
				04F46B74277C39CB00ECB5F2 /* ViewController.swift */,
				04F46B76277C39CB00ECB5F2 /* Main.storyboard */,
				04F46B79277C39CB00ECB5F2 /* Assets.xcassets */,
				04F46B7B277C39CB00ECB5F2 /* LaunchScreen.storyboard */,
				04F46B7E277C39CB00ECB5F2 /* Info.plist */,
				04F46B91277C409300ECB5F2 /* GoogleService-Info.plist */,
			);
			path = "Dojo Chat";
			sourceTree = "<group>";
		};
/* End PBXGroup section */

/* Begin PBXNativeTarget section */
		04F46B6C277C39CB00ECB5F2 /* Dojo Chat */ = {
			isa = PBXNativeTarget;
			buildConfigurationList = 04F46B81277C39CC00ECB5F2 /* Build configuration list for PBXNativeTarget "Dojo Chat" */;
			buildPhases = (
				04F46B69277C39CB00ECB5F2 /* Sources */,
				04F46B6A277C39CB00ECB5F2 /* Frameworks */,
				04F46B6B277C39CB00ECB5F2 /* Resources */,
			);
			buildRules = (
			);
			dependencies = (
			);
			name = "Dojo Chat";
			packageProductDependencies = (
				04F46B89277C3C5700ECB5F2 /* FirebaseAnalytics */,
				04F46B8B277C3C5700ECB5F2 /* FirebaseAuth */,
				04F46B8D277C3C5700ECB5F2 /* FirebaseDatabase */,
				04F46B8F277C3C5700ECB5F2 /* FirebaseStorage */,
			);
			productName = "Dojo Chat";
			productReference = 04F46B6D277C39CB00ECB5F2 /* Dojo Chat.app */;
			productType = "com.apple.product-type.application";
		};
/* End PBXNativeTarget section */

/* Begin PBXProject section */
		04F46B65277C39CB00ECB5F2 /* Project object */ = {
			isa = PBXProject;
			attributes = {
				BuildIndependentTargetsInParallel = 1;
				LastSwiftUpdateCheck = 1310;
				LastUpgradeCheck = 1310;
				TargetAttributes = {
					04F46B6C277C39CB00ECB5F2 = {
						CreatedOnToolsVersion = 13.1;
					};
				};
			};
			buildConfigurationList = 04F46B68277C39CB00ECB5F2 /* Build configuration list for PBXProject "Dojo Chat" */;
			compatibilityVersion = "Xcode 13.0";
			developmentRegion = en;
			hasScannedForEncodings = 0;
			knownRegions = (
				en,
				Base,
			);
			mainGroup = 04F46B64277C39CB00ECB5F2;
			packageReferences = (
				04F46B88277C3C5700ECB5F2 /* XCRemoteSwiftPackageReference "firebase-ios-sdk" */,
			);
			productRefGroup = 04F46B6E277C39CB00ECB5F2 /* Products */;
			projectDirPath = "";
			projectRoot = "";
			targets = (
				04F46B6C277C39CB00ECB5F2 /* Dojo Chat */,
			);
		};
/* End PBXProject section */

/* Begin PBXResourcesBuildPhase section */
		04F46B6B277C39CB00ECB5F2 /* Resources */ = {
			isa = PBXResourcesBuildPhase;
			buildActionMask = 2147483647;
			files = (
				04F46B7D277C39CB00ECB5F2 /* LaunchScreen.storyboard in Resources */,
				04F46B92277C409300ECB5F2 /* GoogleService-Info.plist in Resources */,
				04F46B7A277C39CB00ECB5F2 /* Assets.xcassets in Resources */,
				04F46B78277C39CB00ECB5F2 /* Main.storyboard in Resources */,
			);
			runOnlyForDeploymentPostprocessing = 0;
		};
/* End PBXResourcesBuildPhase section */

/* Begin PBXSourcesBuildPhase section */
		04F46B69277C39CB00ECB5F2 /* Sources */ = {
			isa = PBXSourcesBuildPhase;
			buildActionMask = 2147483647;
			files = (
				04F46B75277C39CB00ECB5F2 /* ViewController.swift in Sources */,
				04F46B71277C39CB00ECB5F2 /* AppDelegate.swift in Sources */,
				04F46B73277C39CB00ECB5F2 /* SceneDelegate.swift in Sources */,
			);
			runOnlyForDeploymentPostprocessing = 0;
		};
/* End PBXSourcesBuildPhase section */

/* Begin PBXVariantGroup section */
		04F46B76277C39CB00ECB5F2 /* Main.storyboard */ = {
			isa = PBXVariantGroup;
			children = (
				04F46B77277C39CB00ECB5F2 /* Base */,
			);
			name = Main.storyboard;
			sourceTree = "<group>";
		};
		04F46B7B277C39CB00ECB5F2 /* LaunchScreen.storyboard */ = {
			isa = PBXVariantGroup;
			children = (
				04F46B7C277C39CB00ECB5F2 /* Base */,
			);
			name = LaunchScreen.storyboard;
			sourceTree = "<group>";
		};
/* End PBXVariantGroup section */

/* Begin XCBuildConfiguration section */
		04F46B7F277C39CB00ECB5F2 /* Debug */ = {
			isa = XCBuildConfiguration;
			buildSettings = {
				ALWAYS_SEARCH_USER_PATHS = NO;
				CLANG_ANALYZER_NONNULL = YES;
				CLANG_ANALYZER_NUMBER_OBJECT_CONVERSION = YES_AGGRESSIVE;
				CLANG_CXX_LANGUAGE_STANDARD = "gnu++17";
				CLANG_CXX_LIBRARY = "libc++";
				CLANG_ENABLE_MODULES = YES;
				CLANG_ENABLE_OBJC_ARC = YES;
				CLANG_ENABLE_OBJC_WEAK = YES;
				CLANG_WARN_BLOCK_CAPTURE_AUTORELEASING = YES;
				CLANG_WARN_BOOL_CONVERSION = YES;
				CLANG_WARN_COMMA = YES;
				CLANG_WARN_CONSTANT_CONVERSION = YES;
				CLANG_WARN_DEPRECATED_OBJC_IMPLEMENTATIONS = YES;
				CLANG_WARN_DIRECT_OBJC_ISA_USAGE = YES_ERROR;
				CLANG_WARN_DOCUMENTATION_COMMENTS = YES;
				CLANG_WARN_EMPTY_BODY = YES;
				CLANG_WARN_ENUM_CONVERSION = YES;
				CLANG_WARN_INFINITE_RECURSION = YES;
				CLANG_WARN_INT_CONVERSION = YES;
				CLANG_WARN_NON_LITERAL_NULL_CONVERSION = YES;
				CLANG_WARN_OBJC_IMPLICIT_RETAIN_SELF = YES;
				CLANG_WARN_OBJC_LITERAL_CONVERSION = YES;
				CLANG_WARN_OBJC_ROOT_CLASS = YES_ERROR;
				CLANG_WARN_QUOTED_INCLUDE_IN_FRAMEWORK_HEADER = YES;
				CLANG_WARN_RANGE_LOOP_ANALYSIS = YES;
				CLANG_WARN_STRICT_PROTOTYPES = YES;
				CLANG_WARN_SUSPICIOUS_MOVE = YES;
				CLANG_WARN_UNGUARDED_AVAILABILITY = YES_AGGRESSIVE;
				CLANG_WARN_UNREACHABLE_CODE = YES;
				CLANG_WARN__DUPLICATE_METHOD_MATCH = YES;
				COPY_PHASE_STRIP = NO;
				DEBUG_INFORMATION_FORMAT = dwarf;
				ENABLE_STRICT_OBJC_MSGSEND = YES;
				ENABLE_TESTABILITY = YES;
				GCC_C_LANGUAGE_STANDARD = gnu11;
				GCC_DYNAMIC_NO_PIC = NO;
				GCC_NO_COMMON_BLOCKS = YES;
				GCC_OPTIMIZATION_LEVEL = 0;
				GCC_PREPROCESSOR_DEFINITIONS = (
					"DEBUG=1",
					"$(inherited)",
				);
				GCC_WARN_64_TO_32_BIT_CONVERSION = YES;
				GCC_WARN_ABOUT_RETURN_TYPE = YES_ERROR;
				GCC_WARN_UNDECLARED_SELECTOR = YES;
				GCC_WARN_UNINITIALIZED_AUTOS = YES_AGGRESSIVE;
				GCC_WARN_UNUSED_FUNCTION = YES;
				GCC_WARN_UNUSED_VARIABLE = YES;
				IPHONEOS_DEPLOYMENT_TARGET = 15.0;
				MTL_ENABLE_DEBUG_INFO = INCLUDE_SOURCE;
				MTL_FAST_MATH = YES;
				ONLY_ACTIVE_ARCH = YES;
				SDKROOT = iphoneos;
				SWIFT_ACTIVE_COMPILATION_CONDITIONS = DEBUG;
				SWIFT_OPTIMIZATION_LEVEL = "-Onone";
			};
			name = Debug;
		};
		04F46B80277C39CC00ECB5F2 /* Release */ = {
			isa = XCBuildConfiguration;
			buildSettings = {
				ALWAYS_SEARCH_USER_PATHS = NO;
				CLANG_ANALYZER_NONNULL = YES;
				CLANG_ANALYZER_NUMBER_OBJECT_CONVERSION = YES_AGGRESSIVE;
				CLANG_CXX_LANGUAGE_STANDARD = "gnu++17";
				CLANG_CXX_LIBRARY = "libc++";
				CLANG_ENABLE_MODULES = YES;
				CLANG_ENABLE_OBJC_ARC = YES;
				CLANG_ENABLE_OBJC_WEAK = YES;
				CLANG_WARN_BLOCK_CAPTURE_AUTORELEASING = YES;
				CLANG_WARN_BOOL_CONVERSION = YES;
				CLANG_WARN_COMMA = YES;
				CLANG_WARN_CONSTANT_CONVERSION = YES;
				CLANG_WARN_DEPRECATED_OBJC_IMPLEMENTATIONS = YES;
				CLANG_WARN_DIRECT_OBJC_ISA_USAGE = YES_ERROR;
				CLANG_WARN_DOCUMENTATION_COMMENTS = YES;
				CLANG_WARN_EMPTY_BODY = YES;
				CLANG_WARN_ENUM_CONVERSION = YES;
				CLANG_WARN_INFINITE_RECURSION = YES;
				CLANG_WARN_INT_CONVERSION = YES;
				CLANG_WARN_NON_LITERAL_NULL_CONVERSION = YES;
				CLANG_WARN_OBJC_IMPLICIT_RETAIN_SELF = YES;
				CLANG_WARN_OBJC_LITERAL_CONVERSION = YES;
				CLANG_WARN_OBJC_ROOT_CLASS = YES_ERROR;
				CLANG_WARN_QUOTED_INCLUDE_IN_FRAMEWORK_HEADER = YES;
				CLANG_WARN_RANGE_LOOP_ANALYSIS = YES;
				CLANG_WARN_STRICT_PROTOTYPES = YES;
				CLANG_WARN_SUSPICIOUS_MOVE = YES;
				CLANG_WARN_UNGUARDED_AVAILABILITY = YES_AGGRESSIVE;
				CLANG_WARN_UNREACHABLE_CODE = YES;
				CLANG_WARN__DUPLICATE_METHOD_MATCH = YES;
				COPY_PHASE_STRIP = NO;
				DEBUG_INFORMATION_FORMAT = "dwarf-with-dsym";
				ENABLE_NS_ASSERTIONS = NO;
				ENABLE_STRICT_OBJC_MSGSEND = YES;
				GCC_C_LANGUAGE_STANDARD = gnu11;
				GCC_NO_COMMON_BLOCKS = YES;
				GCC_WARN_64_TO_32_BIT_CONVERSION = YES;
				GCC_WARN_ABOUT_RETURN_TYPE = YES_ERROR;
				GCC_WARN_UNDECLARED_SELECTOR = YES;
				GCC_WARN_UNINITIALIZED_AUTOS = YES_AGGRESSIVE;
				GCC_WARN_UNUSED_FUNCTION = YES;
				GCC_WARN_UNUSED_VARIABLE = YES;
				IPHONEOS_DEPLOYMENT_TARGET = 15.0;
				MTL_ENABLE_DEBUG_INFO = NO;
				MTL_FAST_MATH = YES;
				SDKROOT = iphoneos;
				SWIFT_COMPILATION_MODE = wholemodule;
				SWIFT_OPTIMIZATION_LEVEL = "-O";
				VALIDATE_PRODUCT = YES;
			};
			name = Release;
		};
		04F46B82277C39CC00ECB5F2 /* Debug */ = {
			isa = XCBuildConfiguration;
			buildSettings = {
				ASSETCATALOG_COMPILER_APPICON_NAME = AppIcon;
				ASSETCATALOG_COMPILER_GLOBAL_ACCENT_COLOR_NAME = AccentColor;
				CODE_SIGN_STYLE = Automatic;
				CURRENT_PROJECT_VERSION = 1;
				DEVELOPMENT_TEAM = 3BYY9V27X7;
				GENERATE_INFOPLIST_FILE = YES;
				INFOPLIST_FILE = "Dojo Chat/Info.plist";
				INFOPLIST_KEY_UIApplicationSupportsIndirectInputEvents = YES;
				INFOPLIST_KEY_UILaunchStoryboardName = LaunchScreen;
				INFOPLIST_KEY_UIMainStoryboardFile = Main;
				INFOPLIST_KEY_UISupportedInterfaceOrientations_iPad = "UIInterfaceOrientationPortrait UIInterfaceOrientationPortraitUpsideDown UIInterfaceOrientationLandscapeLeft UIInterfaceOrientationLandscapeRight";
				INFOPLIST_KEY_UISupportedInterfaceOrientations_iPhone = "UIInterfaceOrientationPortrait UIInterfaceOrientationLandscapeLeft UIInterfaceOrientationLandscapeRight";
				LD_RUNPATH_SEARCH_PATHS = (
					"$(inherited)",
					"@executable_path/Frameworks",
				);
				MARKETING_VERSION = 1.0;
				PRODUCT_BUNDLE_IDENTIFIER = com.ashishpisey.dojochat;
				PRODUCT_NAME = "$(TARGET_NAME)";
				SWIFT_EMIT_LOC_STRINGS = YES;
				SWIFT_VERSION = 5.0;
				TARGETED_DEVICE_FAMILY = "1,2";
			};
			name = Debug;
		};
		04F46B83277C39CC00ECB5F2 /* Release */ = {
			isa = XCBuildConfiguration;
			buildSettings = {
				ASSETCATALOG_COMPILER_APPICON_NAME = AppIcon;
				ASSETCATALOG_COMPILER_GLOBAL_ACCENT_COLOR_NAME = AccentColor;
				CODE_SIGN_STYLE = Automatic;
				CURRENT_PROJECT_VERSION = 1;
				DEVELOPMENT_TEAM = 3BYY9V27X7;
				GENERATE_INFOPLIST_FILE = YES;
				INFOPLIST_FILE = "Dojo Chat/Info.plist";
				INFOPLIST_KEY_UIApplicationSupportsIndirectInputEvents = YES;
				INFOPLIST_KEY_UILaunchStoryboardName = LaunchScreen;
				INFOPLIST_KEY_UIMainStoryboardFile = Main;
				INFOPLIST_KEY_UISupportedInterfaceOrientations_iPad = "UIInterfaceOrientationPortrait UIInterfaceOrientationPortraitUpsideDown UIInterfaceOrientationLandscapeLeft UIInterfaceOrientationLandscapeRight";
				INFOPLIST_KEY_UISupportedInterfaceOrientations_iPhone = "UIInterfaceOrientationPortrait UIInterfaceOrientationLandscapeLeft UIInterfaceOrientationLandscapeRight";
				LD_RUNPATH_SEARCH_PATHS = (
					"$(inherited)",
					"@executable_path/Frameworks",
				);
				MARKETING_VERSION = 1.0;
				PRODUCT_BUNDLE_IDENTIFIER = com.ashishpisey.dojochat;
				PRODUCT_NAME = "$(TARGET_NAME)";
				SWIFT_EMIT_LOC_STRINGS = YES;
				SWIFT_VERSION = 5.0;
				TARGETED_DEVICE_FAMILY = "1,2";
			};
			name = Release;
		};
/* End XCBuildConfiguration section */

/* Begin XCConfigurationList section */
		04F46B68277C39CB00ECB5F2 /* Build configuration list for PBXProject "Dojo Chat" */ = {
			isa = XCConfigurationList;
			buildConfigurations = (
				04F46B7F277C39CB00ECB5F2 /* Debug */,
				04F46B80277C39CC00ECB5F2 /* Release */,
			);
			defaultConfigurationIsVisible = 0;
			defaultConfigurationName = Release;
		};
		04F46B81277C39CC00ECB5F2 /* Build configuration list for PBXNativeTarget "Dojo Chat" */ = {
			isa = XCConfigurationList;
			buildConfigurations = (
				04F46B82277C39CC00ECB5F2 /* Debug */,
				04F46B83277C39CC00ECB5F2 /* Release */,
			);
			defaultConfigurationIsVisible = 0;
			defaultConfigurationName = Release;
		};
/* End XCConfigurationList section */

/* Begin XCRemoteSwiftPackageReference section */
		04F46B88277C3C5700ECB5F2 /* XCRemoteSwiftPackageReference "firebase-ios-sdk" */ = {
			isa = XCRemoteSwiftPackageReference;
			repositoryURL = "https://github.com/firebase/firebase-ios-sdk";
			requirement = {
				branch = master;
				kind = branch;
			};
		};
/* End XCRemoteSwiftPackageReference section */

/* Begin XCSwiftPackageProductDependency section */
		04F46B89277C3C5700ECB5F2 /* FirebaseAnalytics */ = {
			isa = XCSwiftPackageProductDependency;
			package = 04F46B88277C3C5700ECB5F2 /* XCRemoteSwiftPackageReference "firebase-ios-sdk" */;
			productName = FirebaseAnalytics;
		};
		04F46B8B277C3C5700ECB5F2 /* FirebaseAuth */ = {
			isa = XCSwiftPackageProductDependency;
			package = 04F46B88277C3C5700ECB5F2 /* XCRemoteSwiftPackageReference "firebase-ios-sdk" */;
			productName = FirebaseAuth;
		};
		04F46B8D277C3C5700ECB5F2 /* FirebaseDatabase */ = {
			isa = XCSwiftPackageProductDependency;
			package = 04F46B88277C3C5700ECB5F2 /* XCRemoteSwiftPackageReference "firebase-ios-sdk" */;
			productName = FirebaseDatabase;
		};
		04F46B8F277C3C5700ECB5F2 /* FirebaseStorage */ = {
			isa = XCSwiftPackageProductDependency;
			package = 04F46B88277C3C5700ECB5F2 /* XCRemoteSwiftPackageReference "firebase-ios-sdk" */;
			productName = FirebaseStorage;
		};
/* End XCSwiftPackageProductDependency section */
	};
	rootObject = 04F46B65277C39CB00ECB5F2 /* Project object */;
}
